
Microsoft Visual Studio Solution File, Format Version 12.00
# Visual Studio 15
VisualStudioVersion = 15.0.27428.2002
MinimumVisualStudioVersion = 10.0.40219.1
Project("{FAE04EC0-301F-11D3-BF4B-00C04F79EFBC}") = "Phoneword.Android", "Phoneword\Phoneword.Android\Phoneword.Android.csproj", "{41BDA98F-4735-4B07-8279-1DF55A3CC2E1}"
EndProject
Project("{FAE04EC0-301F-11D3-BF4B-00C04F79EFBC}") = "Phoneword.iOS", "Phoneword\Phoneword.iOS\Phoneword.iOS.csproj", "{C78A9EF2-B537-4392-952A-5DA6FDFE3FE6}"
EndProject
Project("{FAE04EC0-301F-11D3-BF4B-00C04F79EFBC}") = "Phoneword.UWP", "Phoneword\Phoneword.UWP\Phoneword.UWP.csproj", "{44E9B5E9-5D1C-434C-939D-3FFA72AFB3FC}"
EndProject
Project("{FAE04EC0-301F-11D3-BF4B-00C04F79EFBC}") = "Phoneword", "Phoneword\Phoneword\Phoneword.csproj", "{E2881FED-8374-417B-B966-631CE690BF85}"
EndProject
Global
	GlobalSection(SolutionConfigurationPlatforms) = preSolution
		Ad-Hoc|Any CPU = Ad-Hoc|Any CPU
		Ad-Hoc|ARM = Ad-Hoc|ARM
		Ad-Hoc|iPhone = Ad-Hoc|iPhone
		Ad-Hoc|iPhoneSimulator = Ad-Hoc|iPhoneSimulator
		Ad-Hoc|x64 = Ad-Hoc|x64
		Ad-Hoc|x86 = Ad-Hoc|x86
		AppStore|Any CPU = AppStore|Any CPU
		AppStore|ARM = AppStore|ARM
		AppStore|iPhone = AppStore|iPhone
		AppStore|iPhoneSimulator = AppStore|iPhoneSimulator
		AppStore|x64 = AppStore|x64
		AppStore|x86 = AppStore|x86
		Debug|Any CPU = Debug|Any CPU
		Debug|ARM = Debug|ARM
		Debug|iPhone = Debug|iPhone
		Debug|iPhoneSimulator = Debug|iPhoneSimulator
		Debug|x64 = Debug|x64
		Debug|x86 = Debug|x86
		Release|Any CPU = Release|Any CPU
		Release|ARM = Release|ARM
		Release|iPhone = Release|iPhone
		Release|iPhoneSimulator = Release|iPhoneSimulator
		Release|x64 = Release|x64
		Release|x86 = Release|x86
	EndGlobalSection
	GlobalSection(ProjectConfigurationPlatforms) = postSolution
		{41BDA98F-4735-4B07-8279-1DF55A3CC2E1}.Ad-Hoc|Any CPU.ActiveCfg = Release|Any CPU
		{41BDA98F-4735-4B07-8279-1DF55A3CC2E1}.Ad-Hoc|Any CPU.Build.0 = Release|Any CPU
		{41BDA98F-4735-4B07-8279-1DF55A3CC2E1}.Ad-Hoc|Any CPU.Deploy.0 = Release|Any CPU
		{41BDA98F-4735-4B07-8279-1DF55A3CC2E1}.Ad-Hoc|ARM.ActiveCfg = Release|Any CPU
		{41BDA98F-4735-4B07-8279-1DF55A3CC2E1}.Ad-Hoc|ARM.Build.0 = Release|Any CPU
		{41BDA98F-4735-4B07-8279-1DF55A3CC2E1}.Ad-Hoc|ARM.Deploy.0 = Release|Any CPU
		{41BDA98F-4735-4B07-8279-1DF55A3CC2E1}.Ad-Hoc|iPhone.ActiveCfg = Release|Any CPU
		{41BDA98F-4735-4B07-8279-1DF55A3CC2E1}.Ad-Hoc|iPhone.Build.0 = Release|Any CPU
		{41BDA98F-4735-4B07-8279-1DF55A3CC2E1}.Ad-Hoc|iPhone.Deploy.0 = Release|Any CPU
		{41BDA98F-4735-4B07-8279-1DF55A3CC2E1}.Ad-Hoc|iPhoneSimulator.ActiveCfg = Release|Any CPU
		{41BDA98F-4735-4B07-8279-1DF55A3CC2E1}.Ad-Hoc|iPhoneSimulator.Build.0 = Release|Any CPU
		{41BDA98F-4735-4B07-8279-1DF55A3CC2E1}.Ad-Hoc|iPhoneSimulator.Deploy.0 = Release|Any CPU
		{41BDA98F-4735-4B07-8279-1DF55A3CC2E1}.Ad-Hoc|x64.ActiveCfg = Release|Any CPU
		{41BDA98F-4735-4B07-8279-1DF55A3CC2E1}.Ad-Hoc|x64.Build.0 = Release|Any CPU
		{41BDA98F-4735-4B07-8279-1DF55A3CC2E1}.Ad-Hoc|x64.Deploy.0 = Release|Any CPU
		{41BDA98F-4735-4B07-8279-1DF55A3CC2E1}.Ad-Hoc|x86.ActiveCfg = Release|Any CPU
		{41BDA98F-4735-4B07-8279-1DF55A3CC2E1}.Ad-Hoc|x86.Build.0 = Release|Any CPU
		{41BDA98F-4735-4B07-8279-1DF55A3CC2E1}.Ad-Hoc|x86.Deploy.0 = Release|Any CPU
		{41BDA98F-4735-4B07-8279-1DF55A3CC2E1}.AppStore|Any CPU.ActiveCfg = Release|Any CPU
		{41BDA98F-4735-4B07-8279-1DF55A3CC2E1}.AppStore|Any CPU.Build.0 = Release|Any CPU
		{41BDA98F-4735-4B07-8279-1DF55A3CC2E1}.AppStore|Any CPU.Deploy.0 = Release|Any CPU
		{41BDA98F-4735-4B07-8279-1DF55A3CC2E1}.AppStore|ARM.ActiveCfg = Release|Any CPU
		{41BDA98F-4735-4B07-8279-1DF55A3CC2E1}.AppStore|ARM.Build.0 = Release|Any CPU
		{41BDA98F-4735-4B07-8279-1DF55A3CC2E1}.AppStore|ARM.Deploy.0 = Release|Any CPU
		{41BDA98F-4735-4B07-8279-1DF55A3CC2E1}.AppStore|iPhone.ActiveCfg = Release|Any CPU
		{41BDA98F-4735-4B07-8279-1DF55A3CC2E1}.AppStore|iPhone.Build.0 = Release|Any CPU
		{41BDA98F-4735-4B07-8279-1DF55A3CC2E1}.AppStore|iPhone.Deploy.0 = Release|Any CPU
		{41BDA98F-4735-4B07-8279-1DF55A3CC2E1}.AppStore|iPhoneSimulator.ActiveCfg = Release|Any CPU
		{41BDA98F-4735-4B07-8279-1DF55A3CC2E1}.AppStore|iPhoneSimulator.Build.0 = Release|Any CPU
		{41BDA98F-4735-4B07-8279-1DF55A3CC2E1}.AppStore|iPhoneSimulator.Deploy.0 = Release|Any CPU
		{41BDA98F-4735-4B07-8279-1DF55A3CC2E1}.AppStore|x64.ActiveCfg = Release|Any CPU
		{41BDA98F-4735-4B07-8279-1DF55A3CC2E1}.AppStore|x64.Build.0 = Release|Any CPU
		{41BDA98F-4735-4B07-8279-1DF55A3CC2E1}.AppStore|x64.Deploy.0 = Release|Any CPU
		{41BDA98F-4735-4B07-8279-1DF55A3CC2E1}.AppStore|x86.ActiveCfg = Release|Any CPU
		{41BDA98F-4735-4B07-8279-1DF55A3CC2E1}.AppStore|x86.Build.0 = Release|Any CPU
		{41BDA98F-4735-4B07-8279-1DF55A3CC2E1}.AppStore|x86.Deploy.0 = Release|Any CPU
		{41BDA98F-4735-4B07-8279-1DF55A3CC2E1}.Debug|Any CPU.ActiveCfg = Debug|Any CPU
		{41BDA98F-4735-4B07-8279-1DF55A3CC2E1}.Debug|Any CPU.Build.0 = Debug|Any CPU
		{41BDA98F-4735-4B07-8279-1DF55A3CC2E1}.Debug|Any CPU.Deploy.0 = Debug|Any CPU
		{41BDA98F-4735-4B07-8279-1DF55A3CC2E1}.Debug|ARM.ActiveCfg = Debug|Any CPU
		{41BDA98F-4735-4B07-8279-1DF55A3CC2E1}.Debug|ARM.Build.0 = Debug|Any CPU
		{41BDA98F-4735-4B07-8279-1DF55A3CC2E1}.Debug|ARM.Deploy.0 = Debug|Any CPU
		{41BDA98F-4735-4B07-8279-1DF55A3CC2E1}.Debug|iPhone.ActiveCfg = Debug|Any CPU
		{41BDA98F-4735-4B07-8279-1DF55A3CC2E1}.Debug|iPhone.Build.0 = Debug|Any CPU
		{41BDA98F-4735-4B07-8279-1DF55A3CC2E1}.Debug|iPhone.Deploy.0 = Debug|Any CPU
		{41BDA98F-4735-4B07-8279-1DF55A3CC2E1}.Debug|iPhoneSimulator.ActiveCfg = Debug|Any CPU
		{41BDA98F-4735-4B07-8279-1DF55A3CC2E1}.Debug|iPhoneSimulator.Build.0 = Debug|Any CPU
		{41BDA98F-4735-4B07-8279-1DF55A3CC2E1}.Debug|iPhoneSimulator.Deploy.0 = Debug|Any CPU
		{41BDA98F-4735-4B07-8279-1DF55A3CC2E1}.Debug|x64.ActiveCfg = Debug|Any CPU
		{41BDA98F-4735-4B07-8279-1DF55A3CC2E1}.Debug|x64.Build.0 = Debug|Any CPU
		{41BDA98F-4735-4B07-8279-1DF55A3CC2E1}.Debug|x64.Deploy.0 = Debug|Any CPU
		{41BDA98F-4735-4B07-8279-1DF55A3CC2E1}.Debug|x86.ActiveCfg = Debug|Any CPU
		{41BDA98F-4735-4B07-8279-1DF55A3CC2E1}.Debug|x86.Build.0 = Debug|Any CPU
		{41BDA98F-4735-4B07-8279-1DF55A3CC2E1}.Debug|x86.Deploy.0 = Debug|Any CPU
		{41BDA98F-4735-4B07-8279-1DF55A3CC2E1}.Release|Any CPU.ActiveCfg = Release|Any CPU
		{41BDA98F-4735-4B07-8279-1DF55A3CC2E1}.Release|Any CPU.Build.0 = Release|Any CPU
		{41BDA98F-4735-4B07-8279-1DF55A3CC2E1}.Release|Any CPU.Deploy.0 = Release|Any CPU
		{41BDA98F-4735-4B07-8279-1DF55A3CC2E1}.Release|ARM.ActiveCfg = Release|Any CPU
		{41BDA98F-4735-4B07-8279-1DF55A3CC2E1}.Release|ARM.Build.0 = Release|Any CPU
		{41BDA98F-4735-4B07-8279-1DF55A3CC2E1}.Release|ARM.Deploy.0 = Release|Any CPU
		{41BDA98F-4735-4B07-8279-1DF55A3CC2E1}.Release|iPhone.ActiveCfg = Release|Any CPU
		{41BDA98F-4735-4B07-8279-1DF55A3CC2E1}.Release|iPhone.Build.0 = Release|Any CPU
		{41BDA98F-4735-4B07-8279-1DF55A3CC2E1}.Release|iPhone.Deploy.0 = Release|Any CPU
		{41BDA98F-4735-4B07-8279-1DF55A3CC2E1}.Release|iPhoneSimulator.ActiveCfg = Release|Any CPU
		{41BDA98F-4735-4B07-8279-1DF55A3CC2E1}.Release|iPhoneSimulator.Build.0 = Release|Any CPU
		{41BDA98F-4735-4B07-8279-1DF55A3CC2E1}.Release|iPhoneSimulator.Deploy.0 = Release|Any CPU
		{41BDA98F-4735-4B07-8279-1DF55A3CC2E1}.Release|x64.ActiveCfg = Release|Any CPU
		{41BDA98F-4735-4B07-8279-1DF55A3CC2E1}.Release|x64.Build.0 = Release|Any CPU
		{41BDA98F-4735-4B07-8279-1DF55A3CC2E1}.Release|x64.Deploy.0 = Release|Any CPU
		{41BDA98F-4735-4B07-8279-1DF55A3CC2E1}.Release|x86.ActiveCfg = Release|Any CPU
		{41BDA98F-4735-4B07-8279-1DF55A3CC2E1}.Release|x86.Build.0 = Release|Any CPU
		{41BDA98F-4735-4B07-8279-1DF55A3CC2E1}.Release|x86.Deploy.0 = Release|Any CPU
		{C78A9EF2-B537-4392-952A-5DA6FDFE3FE6}.Ad-Hoc|Any CPU.ActiveCfg = Ad-Hoc|iPhone
		{C78A9EF2-B537-4392-952A-5DA6FDFE3FE6}.Ad-Hoc|ARM.ActiveCfg = Ad-Hoc|iPhone
		{C78A9EF2-B537-4392-952A-5DA6FDFE3FE6}.Ad-Hoc|iPhone.ActiveCfg = Ad-Hoc|iPhone
		{C78A9EF2-B537-4392-952A-5DA6FDFE3FE6}.Ad-Hoc|iPhone.Build.0 = Ad-Hoc|iPhone
		{C78A9EF2-B537-4392-952A-5DA6FDFE3FE6}.Ad-Hoc|iPhoneSimulator.ActiveCfg = Ad-Hoc|iPhoneSimulator
		{C78A9EF2-B537-4392-952A-5DA6FDFE3FE6}.Ad-Hoc|iPhoneSimulator.Build.0 = Ad-Hoc|iPhoneSimulator
		{C78A9EF2-B537-4392-952A-5DA6FDFE3FE6}.Ad-Hoc|x64.ActiveCfg = Ad-Hoc|iPhone
		{C78A9EF2-B537-4392-952A-5DA6FDFE3FE6}.Ad-Hoc|x86.ActiveCfg = Ad-Hoc|iPhone
		{C78A9EF2-B537-4392-952A-5DA6FDFE3FE6}.AppStore|Any CPU.ActiveCfg = AppStore|iPhone
		{C78A9EF2-B537-4392-952A-5DA6FDFE3FE6}.AppStore|ARM.ActiveCfg = AppStore|iPhone
		{C78A9EF2-B537-4392-952A-5DA6FDFE3FE6}.AppStore|iPhone.ActiveCfg = AppStore|iPhone
		{C78A9EF2-B537-4392-952A-5DA6FDFE3FE6}.AppStore|iPhone.Build.0 = AppStore|iPhone
		{C78A9EF2-B537-4392-952A-5DA6FDFE3FE6}.AppStore|iPhoneSimulator.ActiveCfg = AppStore|iPhoneSimulator
		{C78A9EF2-B537-4392-952A-5DA6FDFE3FE6}.AppStore|iPhoneSimulator.Build.0 = AppStore|iPhoneSimulator
		{C78A9EF2-B537-4392-952A-5DA6FDFE3FE6}.AppStore|x64.ActiveCfg = AppStore|iPhone
		{C78A9EF2-B537-4392-952A-5DA6FDFE3FE6}.AppStore|x86.ActiveCfg = AppStore|iPhone
		{C78A9EF2-B537-4392-952A-5DA6FDFE3FE6}.Debug|Any CPU.ActiveCfg = Debug|iPhone
		{C78A9EF2-B537-4392-952A-5DA6FDFE3FE6}.Debug|ARM.ActiveCfg = Debug|iPhone
		{C78A9EF2-B537-4392-952A-5DA6FDFE3FE6}.Debug|iPhone.ActiveCfg = Debug|iPhone
		{C78A9EF2-B537-4392-952A-5DA6FDFE3FE6}.Debug|iPhone.Build.0 = Debug|iPhone
		{C78A9EF2-B537-4392-952A-5DA6FDFE3FE6}.Debug|iPhoneSimulator.ActiveCfg = Debug|iPhoneSimulator
		{C78A9EF2-B537-4392-952A-5DA6FDFE3FE6}.Debug|iPhoneSimulator.Build.0 = Debug|iPhoneSimulator
		{C78A9EF2-B537-4392-952A-5DA6FDFE3FE6}.Debug|x64.ActiveCfg = Debug|iPhone
		{C78A9EF2-B537-4392-952A-5DA6FDFE3FE6}.Debug|x86.ActiveCfg = Debug|iPhone
		{C78A9EF2-B537-4392-952A-5DA6FDFE3FE6}.Release|Any CPU.ActiveCfg = Release|iPhone
		{C78A9EF2-B537-4392-952A-5DA6FDFE3FE6}.Release|ARM.ActiveCfg = Release|iPhone
		{C78A9EF2-B537-4392-952A-5DA6FDFE3FE6}.Release|iPhone.ActiveCfg = Release|iPhone
		{C78A9EF2-B537-4392-952A-5DA6FDFE3FE6}.Release|iPhone.Build.0 = Release|iPhone
		{C78A9EF2-B537-4392-952A-5DA6FDFE3FE6}.Release|iPhoneSimulator.ActiveCfg = Release|iPhoneSimulator
		{C78A9EF2-B537-4392-952A-5DA6FDFE3FE6}.Release|iPhoneSimulator.Build.0 = Release|iPhoneSimulator
		{C78A9EF2-B537-4392-952A-5DA6FDFE3FE6}.Release|x64.ActiveCfg = Release|iPhone
		{C78A9EF2-B537-4392-952A-5DA6FDFE3FE6}.Release|x86.ActiveCfg = Release|iPhone
		{44E9B5E9-5D1C-434C-939D-3FFA72AFB3FC}.Ad-Hoc|Any CPU.ActiveCfg = Release|x86
		{44E9B5E9-5D1C-434C-939D-3FFA72AFB3FC}.Ad-Hoc|Any CPU.Build.0 = Release|x86
		{44E9B5E9-5D1C-434C-939D-3FFA72AFB3FC}.Ad-Hoc|Any CPU.Deploy.0 = Release|x86
		{44E9B5E9-5D1C-434C-939D-3FFA72AFB3FC}.Ad-Hoc|ARM.ActiveCfg = Release|ARM
		{44E9B5E9-5D1C-434C-939D-3FFA72AFB3FC}.Ad-Hoc|ARM.Build.0 = Release|ARM
		{44E9B5E9-5D1C-434C-939D-3FFA72AFB3FC}.Ad-Hoc|ARM.Deploy.0 = Release|ARM
		{44E9B5E9-5D1C-434C-939D-3FFA72AFB3FC}.Ad-Hoc|iPhone.ActiveCfg = Release|x86
		{44E9B5E9-5D1C-434C-939D-3FFA72AFB3FC}.Ad-Hoc|iPhone.Build.0 = Release|x86
		{44E9B5E9-5D1C-434C-939D-3FFA72AFB3FC}.Ad-Hoc|iPhone.Deploy.0 = Release|x86
		{44E9B5E9-5D1C-434C-939D-3FFA72AFB3FC}.Ad-Hoc|iPhoneSimulator.ActiveCfg = Release|x86
		{44E9B5E9-5D1C-434C-939D-3FFA72AFB3FC}.Ad-Hoc|iPhoneSimulator.Build.0 = Release|x86
		{44E9B5E9-5D1C-434C-939D-3FFA72AFB3FC}.Ad-Hoc|iPhoneSimulator.Deploy.0 = Release|x86
		{44E9B5E9-5D1C-434C-939D-3FFA72AFB3FC}.Ad-Hoc|x64.ActiveCfg = Release|x64
		{44E9B5E9-5D1C-434C-939D-3FFA72AFB3FC}.Ad-Hoc|x64.Build.0 = Release|x64
		{44E9B5E9-5D1C-434C-939D-3FFA72AFB3FC}.Ad-Hoc|x64.Deploy.0 = Release|x64
		{44E9B5E9-5D1C-434C-939D-3FFA72AFB3FC}.Ad-Hoc|x86.ActiveCfg = Release|x86
		{44E9B5E9-5D1C-434C-939D-3FFA72AFB3FC}.Ad-Hoc|x86.Build.0 = Release|x86
		{44E9B5E9-5D1C-434C-939D-3FFA72AFB3FC}.Ad-Hoc|x86.Deploy.0 = Release|x86
		{44E9B5E9-5D1C-434C-939D-3FFA72AFB3FC}.AppStore|Any CPU.ActiveCfg = Release|x86
		{44E9B5E9-5D1C-434C-939D-3FFA72AFB3FC}.AppStore|Any CPU.Build.0 = Release|x86
		{44E9B5E9-5D1C-434C-939D-3FFA72AFB3FC}.AppStore|Any CPU.Deploy.0 = Release|x86
		{44E9B5E9-5D1C-434C-939D-3FFA72AFB3FC}.AppStore|ARM.ActiveCfg = Release|ARM
		{44E9B5E9-5D1C-434C-939D-3FFA72AFB3FC}.AppStore|ARM.Build.0 = Release|ARM
		{44E9B5E9-5D1C-434C-939D-3FFA72AFB3FC}.AppStore|ARM.Deploy.0 = Release|ARM
		{44E9B5E9-5D1C-434C-939D-3FFA72AFB3FC}.AppStore|iPhone.ActiveCfg = Release|x86
		{44E9B5E9-5D1C-434C-939D-3FFA72AFB3FC}.AppStore|iPhone.Build.0 = Release|x86
		{44E9B5E9-5D1C-434C-939D-3FFA72AFB3FC}.AppStore|iPhone.Deploy.0 = Release|x86
		{44E9B5E9-5D1C-434C-939D-3FFA72AFB3FC}.AppStore|iPhoneSimulator.ActiveCfg = Release|x86
		{44E9B5E9-5D1C-434C-939D-3FFA72AFB3FC}.AppStore|iPhoneSimulator.Build.0 = Release|x86
		{44E9B5E9-5D1C-434C-939D-3FFA72AFB3FC}.AppStore|iPhoneSimulator.Deploy.0 = Release|x86
		{44E9B5E9-5D1C-434C-939D-3FFA72AFB3FC}.AppStore|x64.ActiveCfg = Release|x64
		{44E9B5E9-5D1C-434C-939D-3FFA72AFB3FC}.AppStore|x64.Build.0 = Release|x64
		{44E9B5E9-5D1C-434C-939D-3FFA72AFB3FC}.AppStore|x64.Deploy.0 = Release|x64
		{44E9B5E9-5D1C-434C-939D-3FFA72AFB3FC}.AppStore|x86.ActiveCfg = Release|x86
		{44E9B5E9-5D1C-434C-939D-3FFA72AFB3FC}.AppStore|x86.Build.0 = Release|x86
		{44E9B5E9-5D1C-434C-939D-3FFA72AFB3FC}.AppStore|x86.Deploy.0 = Release|x86
		{44E9B5E9-5D1C-434C-939D-3FFA72AFB3FC}.Debug|Any CPU.ActiveCfg = Debug|x86
		{44E9B5E9-5D1C-434C-939D-3FFA72AFB3FC}.Debug|ARM.ActiveCfg = Debug|ARM
		{44E9B5E9-5D1C-434C-939D-3FFA72AFB3FC}.Debug|ARM.Build.0 = Debug|ARM
		{44E9B5E9-5D1C-434C-939D-3FFA72AFB3FC}.Debug|ARM.Deploy.0 = Debug|ARM
		{44E9B5E9-5D1C-434C-939D-3FFA72AFB3FC}.Debug|iPhone.ActiveCfg = Debug|x86
		{44E9B5E9-5D1C-434C-939D-3FFA72AFB3FC}.Debug|iPhoneSimulator.ActiveCfg = Debug|x86
		{44E9B5E9-5D1C-434C-939D-3FFA72AFB3FC}.Debug|x64.ActiveCfg = Debug|x64
		{44E9B5E9-5D1C-434C-939D-3FFA72AFB3FC}.Debug|x64.Build.0 = Debug|x64
		{44E9B5E9-5D1C-434C-939D-3FFA72AFB3FC}.Debug|x64.Deploy.0 = Debug|x64
		{44E9B5E9-5D1C-434C-939D-3FFA72AFB3FC}.Debug|x86.ActiveCfg = Debug|x86
		{44E9B5E9-5D1C-434C-939D-3FFA72AFB3FC}.Debug|x86.Build.0 = Debug|x86
		{44E9B5E9-5D1C-434C-939D-3FFA72AFB3FC}.Debug|x86.Deploy.0 = Debug|x86
		{44E9B5E9-5D1C-434C-939D-3FFA72AFB3FC}.Release|Any CPU.ActiveCfg = Release|x86
		{44E9B5E9-5D1C-434C-939D-3FFA72AFB3FC}.Release|ARM.ActiveCfg = Release|ARM
		{44E9B5E9-5D1C-434C-939D-3FFA72AFB3FC}.Release|ARM.Build.0 = Release|ARM
		{44E9B5E9-5D1C-434C-939D-3FFA72AFB3FC}.Release|ARM.Deploy.0 = Release|ARM
		{44E9B5E9-5D1C-434C-939D-3FFA72AFB3FC}.Release|iPhone.ActiveCfg = Release|x86
		{44E9B5E9-5D1C-434C-939D-3FFA72AFB3FC}.Release|iPhoneSimulator.ActiveCfg = Release|x86
		{44E9B5E9-5D1C-434C-939D-3FFA72AFB3FC}.Release|x64.ActiveCfg = Release|x64
		{44E9B5E9-5D1C-434C-939D-3FFA72AFB3FC}.Release|x64.Build.0 = Release|x64
		{44E9B5E9-5D1C-434C-939D-3FFA72AFB3FC}.Release|x64.Deploy.0 = Release|x64
		{44E9B5E9-5D1C-434C-939D-3FFA72AFB3FC}.Release|x86.ActiveCfg = Release|x86
		{44E9B5E9-5D1C-434C-939D-3FFA72AFB3FC}.Release|x86.Build.0 = Release|x86
		{44E9B5E9-5D1C-434C-939D-3FFA72AFB3FC}.Release|x86.Deploy.0 = Release|x86
		{E2881FED-8374-417B-B966-631CE690BF85}.Ad-Hoc|Any CPU.ActiveCfg = Debug|Any CPU
		{E2881FED-8374-417B-B966-631CE690BF85}.Ad-Hoc|Any CPU.Build.0 = Debug|Any CPU
		{E2881FED-8374-417B-B966-631CE690BF85}.Ad-Hoc|ARM.ActiveCfg = Debug|Any CPU
		{E2881FED-8374-417B-B966-631CE690BF85}.Ad-Hoc|ARM.Build.0 = Debug|Any CPU
		{E2881FED-8374-417B-B966-631CE690BF85}.Ad-Hoc|iPhone.ActiveCfg = Debug|Any CPU
		{E2881FED-8374-417B-B966-631CE690BF85}.Ad-Hoc|iPhone.Build.0 = Debug|Any CPU
		{E2881FED-8374-417B-B966-631CE690BF85}.Ad-Hoc|iPhoneSimulator.ActiveCfg = Debug|Any CPU
		{E2881FED-8374-417B-B966-631CE690BF85}.Ad-Hoc|iPhoneSimulator.Build.0 = Debug|Any CPU
		{E2881FED-8374-417B-B966-631CE690BF85}.Ad-Hoc|x64.ActiveCfg = Debug|Any CPU
		{E2881FED-8374-417B-B966-631CE690BF85}.Ad-Hoc|x64.Build.0 = Debug|Any CPU
		{E2881FED-8374-417B-B966-631CE690BF85}.Ad-Hoc|x86.ActiveCfg = Debug|Any CPU
		{E2881FED-8374-417B-B966-631CE690BF85}.Ad-Hoc|x86.Build.0 = Debug|Any CPU
		{E2881FED-8374-417B-B966-631CE690BF85}.AppStore|Any CPU.ActiveCfg = Debug|Any CPU
		{E2881FED-8374-417B-B966-631CE690BF85}.AppStore|Any CPU.Build.0 = Debug|Any CPU
		{E2881FED-8374-417B-B966-631CE690BF85}.AppStore|ARM.ActiveCfg = Debug|Any CPU
		{E2881FED-8374-417B-B966-631CE690BF85}.AppStore|ARM.Build.0 = Debug|Any CPU
		{E2881FED-8374-417B-B966-631CE690BF85}.AppStore|iPhone.ActiveCfg = Debug|Any CPU
		{E2881FED-8374-417B-B966-631CE690BF85}.AppStore|iPhone.Build.0 = Debug|Any CPU
		{E2881FED-8374-417B-B966-631CE690BF85}.AppStore|iPhoneSimulator.ActiveCfg = Debug|Any CPU
		{E2881FED-8374-417B-B966-631CE690BF85}.AppStore|iPhoneSimulator.Build.0 = Debug|Any CPU
		{E2881FED-8374-417B-B966-631CE690BF85}.AppStore|x64.ActiveCfg = Debug|Any CPU
		{E2881FED-8374-417B-B966-631CE690BF85}.AppStore|x64.Build.0 = Debug|Any CPU
		{E2881FED-8374-417B-B966-631CE690BF85}.AppStore|x86.ActiveCfg = Debug|Any CPU
		{E2881FED-8374-417B-B966-631CE690BF85}.AppStore|x86.Build.0 = Debug|Any CPU
		{E2881FED-8374-417B-B966-631CE690BF85}.Debug|Any CPU.ActiveCfg = Debug|Any CPU
		{E2881FED-8374-417B-B966-631CE690BF85}.Debug|Any CPU.Build.0 = Debug|Any CPU
		{E2881FED-8374-417B-B966-631CE690BF85}.Debug|ARM.ActiveCfg = Debug|Any CPU
		{E2881FED-8374-417B-B966-631CE690BF85}.Debug|ARM.Build.0 = Debug|Any CPU
		{E2881FED-8374-417B-B966-631CE690BF85}.Debug|iPhone.ActiveCfg = Debug|Any CPU
		{E2881FED-8374-417B-B966-631CE690BF85}.Debug|iPhone.Build.0 = Debug|Any CPU
		{E2881FED-8374-417B-B966-631CE690BF85}.Debug|iPhoneSimulator.ActiveCfg = Debug|Any CPU
		{E2881FED-8374-417B-B966-631CE690BF85}.Debug|iPhoneSimulator.Build.0 = Debug|Any CPU
		{E2881FED-8374-417B-B966-631CE690BF85}.Debug|x64.ActiveCfg = Debug|Any CPU
		{E2881FED-8374-417B-B966-631CE690BF85}.Debug|x64.Build.0 = Debug|Any CPU
		{E2881FED-8374-417B-B966-631CE690BF85}.Debug|x86.ActiveCfg = Debug|Any CPU
		{E2881FED-8374-417B-B966-631CE690BF85}.Debug|x86.Build.0 = Debug|Any CPU
		{E2881FED-8374-417B-B966-631CE690BF85}.Release|Any CPU.ActiveCfg = Release|Any CPU
		{E2881FED-8374-417B-B966-631CE690BF85}.Release|Any CPU.Build.0 = Release|Any CPU
		{E2881FED-8374-417B-B966-631CE690BF85}.Release|ARM.ActiveCfg = Release|Any CPU
		{E2881FED-8374-417B-B966-631CE690BF85}.Release|ARM.Build.0 = Release|Any CPU
		{E2881FED-8374-417B-B966-631CE690BF85}.Release|iPhone.ActiveCfg = Release|Any CPU
		{E2881FED-8374-417B-B966-631CE690BF85}.Release|iPhone.Build.0 = Release|Any CPU
		{E2881FED-8374-417B-B966-631CE690BF85}.Release|iPhoneSimulator.ActiveCfg = Release|Any CPU
		{E2881FED-8374-417B-B966-631CE690BF85}.Release|iPhoneSimulator.Build.0 = Release|Any CPU
		{E2881FED-8374-417B-B966-631CE690BF85}.Release|x64.ActiveCfg = Release|Any CPU
		{E2881FED-8374-417B-B966-631CE690BF85}.Release|x64.Build.0 = Release|Any CPU
		{E2881FED-8374-417B-B966-631CE690BF85}.Release|x86.ActiveCfg = Release|Any CPU
		{E2881FED-8374-417B-B966-631CE690BF85}.Release|x86.Build.0 = Release|Any CPU
	EndGlobalSection
	GlobalSection(SolutionProperties) = preSolution
		HideSolutionNode = FALSE
	EndGlobalSection
	GlobalSection(ExtensibilityGlobals) = postSolution
		SolutionGuid = {AE9C2CE8-F3C8-411E-AD8D-13B46B1B51E2}
	EndGlobalSection
EndGlobal
